
Microsoft Visual Studio Solution File, Format Version 12.00
# Visual Studio Version 16
VisualStudioVersion = 16.0.31005.135
MinimumVisualStudioVersion = 10.0.40219.1
Project("{FAE04EC0-301F-11D3-BF4B-00C04F79EFBC}") = "N01399603_Assignment1", "N01399603_Assignment1\N01399603_Assignment1.csproj", "{38BD3D17-B0F6-4C36-9684-7E48D7401DAB}"
EndProject
Global
	GlobalSection(SolutionConfigurationPlatforms) = preSolution
		Debug|Any CPU = Debug|Any CPU
		Release|Any CPU = Release|Any CPU
	EndGlobalSection
	GlobalSection(ProjectConfigurationPlatforms) = postSolution
		{38BD3D17-B0F6-4C36-9684-7E48D7401DAB}.Debug|Any CPU.ActiveCfg = Debug|Any CPU
		{38BD3D17-B0F6-4C36-9684-7E48D7401DAB}.Debug|Any CPU.Build.0 = Debug|Any CPU
		{38BD3D17-B0F6-4C36-9684-7E48D7401DAB}.Release|Any CPU.ActiveCfg = Release|Any CPU
		{38BD3D17-B0F6-4C36-9684-7E48D7401DAB}.Release|Any CPU.Build.0 = Release|Any CPU
	EndGlobalSection
	GlobalSection(SolutionProperties) = preSolution
		HideSolutionNode = FALSE
	EndGlobalSection
	GlobalSection(ExtensibilityGlobals) = postSolution
		SolutionGuid = {3F8B2B51-7992-45C8-AB76-DA5FF22D73DD}
	EndGlobalSection
EndGlobal
